// !$*UTF8*$!
{
	archiveVersion = 1;
	classes = {
	};
	objectVersion = 50;
	objects = {

/* Begin PBXBuildFile section */
		3DFB542B231EA2B20083C700 /* AppDelegate.swift in Sources */ = {isa = PBXBuildFile; fileRef = 3DFB542A231EA2B20083C700 /* AppDelegate.swift */; };
		3DFB542D231EA2B20083C700 /* ViewController.swift in Sources */ = {isa = PBXBuildFile; fileRef = 3DFB542C231EA2B20083C700 /* ViewController.swift */; };
		3DFB5430231EA2B20083C700 /* Main.storyboard in Resources */ = {isa = PBXBuildFile; fileRef = 3DFB542E231EA2B20083C700 /* Main.storyboard */; };
		3DFB5432231EA2B50083C700 /* Assets.xcassets in Resources */ = {isa = PBXBuildFile; fileRef = 3DFB5431231EA2B50083C700 /* Assets.xcassets */; };
		3DFB5435231EA2B50083C700 /* LaunchScreen.storyboard in Resources */ = {isa = PBXBuildFile; fileRef = 3DFB5433231EA2B50083C700 /* LaunchScreen.storyboard */; };
		3DFB5440231EA2B60083C700 /* LargeProjectTests.swift in Sources */ = {isa = PBXBuildFile; fileRef = 3DFB543F231EA2B60083C700 /* LargeProjectTests.swift */; };
/* End PBXBuildFile section */

/* Begin PBXContainerItemProxy section */
		3DFB543C231EA2B60083C700 /* PBXContainerItemProxy */ = {
			isa = PBXContainerItemProxy;
			containerPortal = 3DFB541F231EA2B10083C700 /* Project object */;
			proxyType = 1;
			remoteGlobalIDString = 3DFB5426231EA2B10083C700;
			remoteInfo = LargeProject;
		};
/* End PBXContainerItemProxy section */

/* Begin PBXFileReference section */
		3DFB5427231EA2B10083C700 /* LargeProject.app */ = {isa = PBXFileReference; explicitFileType = wrapper.application; includeInIndex = 0; path = LargeProject.app; sourceTree = BUILT_PRODUCTS_DIR; };
		3DFB542A231EA2B20083C700 /* AppDelegate.swift */ = {isa = PBXFileReference; lastKnownFileType = sourcecode.swift; path = AppDelegate.swift; sourceTree = "<group>"; };
		3DFB542C231EA2B20083C700 /* ViewController.swift */ = {isa = PBXFileReference; lastKnownFileType = sourcecode.swift; path = ViewController.swift; sourceTree = "<group>"; };
		3DFB542F231EA2B20083C700 /* Base */ = {isa = PBXFileReference; lastKnownFileType = file.storyboard; name = Base; path = Base.lproj/Main.storyboard; sourceTree = "<group>"; };
		3DFB5431231EA2B50083C700 /* Assets.xcassets */ = {isa = PBXFileReference; lastKnownFileType = folder.assetcatalog; path = Assets.xcassets; sourceTree = "<group>"; };
		3DFB5434231EA2B50083C700 /* Base */ = {isa = PBXFileReference; lastKnownFileType = file.storyboard; name = Base; path = Base.lproj/LaunchScreen.storyboard; sourceTree = "<group>"; };
		3DFB5436231EA2B50083C700 /* Info.plist */ = {isa = PBXFileReference; lastKnownFileType = text.plist.xml; path = Info.plist; sourceTree = "<group>"; };
		3DFB543B231EA2B60083C700 /* LargeProjectTests.xctest */ = {isa = PBXFileReference; explicitFileType = wrapper.cfbundle; includeInIndex = 0; path = LargeProjectTests.xctest; sourceTree = BUILT_PRODUCTS_DIR; };
		3DFB543F231EA2B60083C700 /* LargeProjectTests.swift */ = {isa = PBXFileReference; lastKnownFileType = sourcecode.swift; path = LargeProjectTests.swift; sourceTree = "<group>"; };
		3DFB5441231EA2B60083C700 /* Info.plist */ = {isa = PBXFileReference; lastKnownFileType = text.plist.xml; path = Info.plist; sourceTree = "<group>"; };
/* End PBXFileReference section */

/* Begin PBXFrameworksBuildPhase section */
		3DFB5424231EA2B10083C700 /* Frameworks */ = {
			isa = PBXFrameworksBuildPhase;
			buildActionMask = 2147483647;
			files = (
			);
			runOnlyForDeploymentPostprocessing = 0;
		};
		3DFB5438231EA2B60083C700 /* Frameworks */ = {
			isa = PBXFrameworksBuildPhase;
			buildActionMask = 2147483647;
			files = (
			);
			runOnlyForDeploymentPostprocessing = 0;
		};
/* End PBXFrameworksBuildPhase section */

/* Begin PBXGroup section */
		3DFB541E231EA2B10083C700 = {
			isa = PBXGroup;
			children = (
				3DFB5429231EA2B20083C700 /* LargeProject */,
				3DFB543E231EA2B60083C700 /* LargeProjectTests */,
				3DFB5428231EA2B10083C700 /* Products */,
			);
			sourceTree = "<group>";
		};
		3DFB5428231EA2B10083C700 /* Products */ = {
			isa = PBXGroup;
			children = (
				3DFB5427231EA2B10083C700 /* LargeProject.app */,
				3DFB543B231EA2B60083C700 /* LargeProjectTests.xctest */,
			);
			name = Products;
			sourceTree = "<group>";
		};
		3DFB5429231EA2B20083C700 /* LargeProject */ = {
			isa = PBXGroup;
			children = (
				3DFB542A231EA2B20083C700 /* AppDelegate.swift */,
				3DFB542C231EA2B20083C700 /* ViewController.swift */,
				3DFB542E231EA2B20083C700 /* Main.storyboard */,
				3DFB5431231EA2B50083C700 /* Assets.xcassets */,
				3DFB5433231EA2B50083C700 /* LaunchScreen.storyboard */,
				3DFB5436231EA2B50083C700 /* Info.plist */,
			);
			path = LargeProject;
			sourceTree = "<group>";
		};
		3DFB543E231EA2B60083C700 /* LargeProjectTests */ = {
			isa = PBXGroup;
			children = (
				3DFB543F231EA2B60083C700 /* LargeProjectTests.swift */,
				3DFB5441231EA2B60083C700 /* Info.plist */,
			);
			path = LargeProjectTests;
			sourceTree = "<group>";
		};
/* End PBXGroup section */

/* Begin PBXNativeTarget section */
		3DFB5426231EA2B10083C700 /* LargeProject */ = {
			isa = PBXNativeTarget;
			buildConfigurationList = 3DFB5444231EA2B60083C700 /* Build configuration list for PBXNativeTarget "LargeProject" */;
			buildPhases = (
				3DFB5423231EA2B10083C700 /* Sources */,
				3DFB5424231EA2B10083C700 /* Frameworks */,
				3DFB5425231EA2B10083C700 /* Resources */,
			);
			buildRules = (
			);
			dependencies = (
			);
			name = LargeProject;
			productName = LargeProject;
			productReference = 3DFB5427231EA2B10083C700 /* LargeProject.app */;
			productType = "com.apple.product-type.application";
		};
		3DFB543A231EA2B60083C700 /* LargeProjectTests */ = {
			isa = PBXNativeTarget;
			buildConfigurationList = 3DFB5447231EA2B60083C700 /* Build configuration list for PBXNativeTarget "LargeProjectTests" */;
			buildPhases = (
				3DFB5437231EA2B60083C700 /* Sources */,
				3DFB5438231EA2B60083C700 /* Frameworks */,
				3DFB5439231EA2B60083C700 /* Resources */,
			);
			buildRules = (
			);
			dependencies = (
				3DFB543D231EA2B60083C700 /* PBXTargetDependency */,
			);
			name = LargeProjectTests;
			productName = LargeProjectTests;
			productReference = 3DFB543B231EA2B60083C700 /* LargeProjectTests.xctest */;
			productType = "com.apple.product-type.bundle.unit-test";
		};
/* End PBXNativeTarget section */

/* Begin PBXProject section */
		3DFB541F231EA2B10083C700 /* Project object */ = {
			isa = PBXProject;
			attributes = {
				LastSwiftUpdateCheck = 1030;
				LastUpgradeCheck = 1030;
				ORGANIZATIONNAME = "Luis Franco R";
				TargetAttributes = {
					3DFB5426231EA2B10083C700 = {
						CreatedOnToolsVersion = 10.3;
					};
					3DFB543A231EA2B60083C700 = {
						CreatedOnToolsVersion = 10.3;
						TestTargetID = 3DFB5426231EA2B10083C700;
					};
				};
			};
			buildConfigurationList = 3DFB5422231EA2B10083C700 /* Build configuration list for PBXProject "LargeProject" */;
			compatibilityVersion = "Xcode 9.3";
			developmentRegion = en;
			hasScannedForEncodings = 0;
			knownRegions = (
				en,
				Base,
			);
			mainGroup = 3DFB541E231EA2B10083C700;
			productRefGroup = 3DFB5428231EA2B10083C700 /* Products */;
			projectDirPath = "";
			projectRoot = "";
			targets = (
				3DFB5426231EA2B10083C700 /* LargeProject */,
				3DFB543A231EA2B60083C700 /* LargeProjectTests */,
			);
		};
/* End PBXProject section */

/* Begin PBXResourcesBuildPhase section */
		3DFB5425231EA2B10083C700 /* Resources */ = {
			isa = PBXResourcesBuildPhase;
			buildActionMask = 2147483647;
			files = (
				3DFB5435231EA2B50083C700 /* LaunchScreen.storyboard in Resources */,
				3DFB5432231EA2B50083C700 /* Assets.xcassets in Resources */,
				3DFB5430231EA2B20083C700 /* Main.storyboard in Resources */,
			);
			runOnlyForDeploymentPostprocessing = 0;
		};
		3DFB5439231EA2B60083C700 /* Resources */ = {
			isa = PBXResourcesBuildPhase;
			buildActionMask = 2147483647;
			files = (
			);
			runOnlyForDeploymentPostprocessing = 0;
		};
/* End PBXResourcesBuildPhase section */

/* Begin PBXSourcesBuildPhase section */
		3DFB5423231EA2B10083C700 /* Sources */ = {
			isa = PBXSourcesBuildPhase;
			buildActionMask = 2147483647;
			files = (
				3DFB542D231EA2B20083C700 /* ViewController.swift in Sources */,
				3DFB542B231EA2B20083C700 /* AppDelegate.swift in Sources */,
			);
			runOnlyForDeploymentPostprocessing = 0;
		};
		3DFB5437231EA2B60083C700 /* Sources */ = {
			isa = PBXSourcesBuildPhase;
			buildActionMask = 2147483647;
			files = (
				3DFB5440231EA2B60083C700 /* LargeProjectTests.swift in Sources */,
			);
			runOnlyForDeploymentPostprocessing = 0;
		};
/* End PBXSourcesBuildPhase section */

/* Begin PBXTargetDependency section */
		3DFB543D231EA2B60083C700 /* PBXTargetDependency */ = {
			isa = PBXTargetDependency;
			target = 3DFB5426231EA2B10083C700 /* LargeProject */;
			targetProxy = 3DFB543C231EA2B60083C700 /* PBXContainerItemProxy */;
		};
/* End PBXTargetDependency section */

/* Begin PBXVariantGroup section */
		3DFB542E231EA2B20083C700 /* Main.storyboard */ = {
			isa = PBXVariantGroup;
			children = (
				3DFB542F231EA2B20083C700 /* Base */,
			);
			name = Main.storyboard;
			sourceTree = "<group>";
		};
		3DFB5433231EA2B50083C700 /* LaunchScreen.storyboard */ = {
			isa = PBXVariantGroup;
			children = (
				3DFB5434231EA2B50083C700 /* Base */,
			);
			name = LaunchScreen.storyboard;
			sourceTree = "<group>";
		};
/* End PBXVariantGroup section */

/* Begin XCBuildConfiguration section */
		3DFB5442231EA2B60083C700 /* Debug */ = {
			isa = XCBuildConfiguration;
			buildSettings = {
				ALWAYS_SEARCH_USER_PATHS = NO;
				CLANG_ANALYZER_NONNULL = YES;
				CLANG_ANALYZER_NUMBER_OBJECT_CONVERSION = YES_AGGRESSIVE;
				CLANG_CXX_LANGUAGE_STANDARD = "gnu++14";
				CLANG_CXX_LIBRARY = "libc++";
				CLANG_ENABLE_MODULES = YES;
				CLANG_ENABLE_OBJC_ARC = YES;
				CLANG_ENABLE_OBJC_WEAK = YES;
				CLANG_WARN_BLOCK_CAPTURE_AUTORELEASING = YES;
				CLANG_WARN_BOOL_CONVERSION = YES;
				CLANG_WARN_COMMA = YES;
				CLANG_WARN_CONSTANT_CONVERSION = YES;
				CLANG_WARN_DEPRECATED_OBJC_IMPLEMENTATIONS = YES;
				CLANG_WARN_DIRECT_OBJC_ISA_USAGE = YES_ERROR;
				CLANG_WARN_DOCUMENTATION_COMMENTS = YES;
				CLANG_WARN_EMPTY_BODY = YES;
				CLANG_WARN_ENUM_CONVERSION = YES;
				CLANG_WARN_INFINITE_RECURSION = YES;
				CLANG_WARN_INT_CONVERSION = YES;
				CLANG_WARN_NON_LITERAL_NULL_CONVERSION = YES;
				CLANG_WARN_OBJC_IMPLICIT_RETAIN_SELF = YES;
				CLANG_WARN_OBJC_LITERAL_CONVERSION = YES;
				CLANG_WARN_OBJC_ROOT_CLASS = YES_ERROR;
				CLANG_WARN_RANGE_LOOP_ANALYSIS = YES;
				CLANG_WARN_STRICT_PROTOTYPES = YES;
				CLANG_WARN_SUSPICIOUS_MOVE = YES;
				CLANG_WARN_UNGUARDED_AVAILABILITY = YES_AGGRESSIVE;
				CLANG_WARN_UNREACHABLE_CODE = YES;
				CLANG_WARN__DUPLICATE_METHOD_MATCH = YES;
				CODE_SIGN_IDENTITY = "iPhone Developer";
				COPY_PHASE_STRIP = NO;
				DEBUG_INFORMATION_FORMAT = dwarf;
				ENABLE_STRICT_OBJC_MSGSEND = YES;
				ENABLE_TESTABILITY = YES;
				GCC_C_LANGUAGE_STANDARD = gnu11;
				GCC_DYNAMIC_NO_PIC = NO;
				GCC_NO_COMMON_BLOCKS = YES;
				GCC_OPTIMIZATION_LEVEL = 0;
				GCC_PREPROCESSOR_DEFINITIONS = (
					"DEBUG=1",
					"$(inherited)",
				);
				GCC_WARN_64_TO_32_BIT_CONVERSION = YES;
				GCC_WARN_ABOUT_RETURN_TYPE = YES_ERROR;
				GCC_WARN_UNDECLARED_SELECTOR = YES;
				GCC_WARN_UNINITIALIZED_AUTOS = YES_AGGRESSIVE;
				GCC_WARN_UNUSED_FUNCTION = YES;
				GCC_WARN_UNUSED_VARIABLE = YES;
				IPHONEOS_DEPLOYMENT_TARGET = 12.4;
				MTL_ENABLE_DEBUG_INFO = INCLUDE_SOURCE;
				MTL_FAST_MATH = YES;
				ONLY_ACTIVE_ARCH = YES;
				SDKROOT = iphoneos;
				SWIFT_ACTIVE_COMPILATION_CONDITIONS = DEBUG;
				SWIFT_OPTIMIZATION_LEVEL = "-Onone";
			};
			name = Debug;
		};
		3DFB5443231EA2B60083C700 /* Release */ = {
			isa = XCBuildConfiguration;
			buildSettings = {
				ALWAYS_SEARCH_USER_PATHS = NO;
				CLANG_ANALYZER_NONNULL = YES;
				CLANG_ANALYZER_NUMBER_OBJECT_CONVERSION = YES_AGGRESSIVE;
				CLANG_CXX_LANGUAGE_STANDARD = "gnu++14";
				CLANG_CXX_LIBRARY = "libc++";
				CLANG_ENABLE_MODULES = YES;
				CLANG_ENABLE_OBJC_ARC = YES;
				CLANG_ENABLE_OBJC_WEAK = YES;
				CLANG_WARN_BLOCK_CAPTURE_AUTORELEASING = YES;
				CLANG_WARN_BOOL_CONVERSION = YES;
				CLANG_WARN_COMMA = YES;
				CLANG_WARN_CONSTANT_CONVERSION = YES;
				CLANG_WARN_DEPRECATED_OBJC_IMPLEMENTATIONS = YES;
				CLANG_WARN_DIRECT_OBJC_ISA_USAGE = YES_ERROR;
				CLANG_WARN_DOCUMENTATION_COMMENTS = YES;
				CLANG_WARN_EMPTY_BODY = YES;
				CLANG_WARN_ENUM_CONVERSION = YES;
				CLANG_WARN_INFINITE_RECURSION = YES;
				CLANG_WARN_INT_CONVERSION = YES;
				CLANG_WARN_NON_LITERAL_NULL_CONVERSION = YES;
				CLANG_WARN_OBJC_IMPLICIT_RETAIN_SELF = YES;
				CLANG_WARN_OBJC_LITERAL_CONVERSION = YES;
				CLANG_WARN_OBJC_ROOT_CLASS = YES_ERROR;
				CLANG_WARN_RANGE_LOOP_ANALYSIS = YES;
				CLANG_WARN_STRICT_PROTOTYPES = YES;
				CLANG_WARN_SUSPICIOUS_MOVE = YES;
				CLANG_WARN_UNGUARDED_AVAILABILITY = YES_AGGRESSIVE;
				CLANG_WARN_UNREACHABLE_CODE = YES;
				CLANG_WARN__DUPLICATE_METHOD_MATCH = YES;
				CODE_SIGN_IDENTITY = "iPhone Developer";
				COPY_PHASE_STRIP = NO;
				DEBUG_INFORMATION_FORMAT = "dwarf-with-dsym";
				ENABLE_NS_ASSERTIONS = NO;
				ENABLE_STRICT_OBJC_MSGSEND = YES;
				GCC_C_LANGUAGE_STANDARD = gnu11;
				GCC_NO_COMMON_BLOCKS = YES;
				GCC_WARN_64_TO_32_BIT_CONVERSION = YES;
				GCC_WARN_ABOUT_RETURN_TYPE = YES_ERROR;
				GCC_WARN_UNDECLARED_SELECTOR = YES;
				GCC_WARN_UNINITIALIZED_AUTOS = YES_AGGRESSIVE;
				GCC_WARN_UNUSED_FUNCTION = YES;
				GCC_WARN_UNUSED_VARIABLE = YES;
				IPHONEOS_DEPLOYMENT_TARGET = 12.4;
				MTL_ENABLE_DEBUG_INFO = NO;
				MTL_FAST_MATH = YES;
				SDKROOT = iphoneos;
				SWIFT_COMPILATION_MODE = wholemodule;
				SWIFT_OPTIMIZATION_LEVEL = "-O";
				VALIDATE_PRODUCT = YES;
			};
			name = Release;
		};
		3DFB5445231EA2B60083C700 /* Debug */ = {
			isa = XCBuildConfiguration;
			buildSettings = {
				ASSETCATALOG_COMPILER_APPICON_NAME = AppIcon;
				CODE_SIGN_STYLE = Automatic;
				DEVELOPMENT_TEAM = 55Z7LQ8L8D;
				INFOPLIST_FILE = LargeProject/Info.plist;
				LD_RUNPATH_SEARCH_PATHS = (
					"$(inherited)",
					"@executable_path/Frameworks",
				);
				PRODUCT_BUNDLE_IDENTIFIER = com.luisfrancor.LargeProject;
				PRODUCT_NAME = "$(TARGET_NAME)";
				SWIFT_VERSION = 5.0;
				TARGETED_DEVICE_FAMILY = "1,2";
			};
			name = Debug;
		};
		3DFB5446231EA2B60083C700 /* Release */ = {
			isa = XCBuildConfiguration;
			buildSettings = {
				ASSETCATALOG_COMPILER_APPICON_NAME = AppIcon;
				CODE_SIGN_STYLE = Automatic;
				DEVELOPMENT_TEAM = 55Z7LQ8L8D;
				INFOPLIST_FILE = LargeProject/Info.plist;
				LD_RUNPATH_SEARCH_PATHS = (
					"$(inherited)",
					"@executable_path/Frameworks",
				);
				PRODUCT_BUNDLE_IDENTIFIER = com.luisfrancor.LargeProject;
				PRODUCT_NAME = "$(TARGET_NAME)";
				SWIFT_VERSION = 5.0;
				TARGETED_DEVICE_FAMILY = "1,2";
			};
			name = Release;
		};
		3DFB5448231EA2B60083C700 /* Debug */ = {
			isa = XCBuildConfiguration;
			buildSettings = {
				ALWAYS_EMBED_SWIFT_STANDARD_LIBRARIES = YES;
				BUNDLE_LOADER = "$(TEST_HOST)";
				CODE_SIGN_STYLE = Automatic;
				DEVELOPMENT_TEAM = 55Z7LQ8L8D;
				INFOPLIST_FILE = LargeProjectTests/Info.plist;
				LD_RUNPATH_SEARCH_PATHS = (
					"$(inherited)",
					"@executable_path/Frameworks",
					"@loader_path/Frameworks",
				);
				PRODUCT_BUNDLE_IDENTIFIER = com.luisfrancor.LargeProjectTests;
				PRODUCT_NAME = "$(TARGET_NAME)";
				SWIFT_VERSION = 5.0;
				TARGETED_DEVICE_FAMILY = "1,2";
				TEST_HOST = "$(BUILT_PRODUCTS_DIR)/LargeProject.app/LargeProject";
			};
			name = Debug;
		};
		3DFB5449231EA2B60083C700 /* Release */ = {
			isa = XCBuildConfiguration;
			buildSettings = {
				ALWAYS_EMBED_SWIFT_STANDARD_LIBRARIES = YES;
				BUNDLE_LOADER = "$(TEST_HOST)";
				CODE_SIGN_STYLE = Automatic;
				DEVELOPMENT_TEAM = 55Z7LQ8L8D;
				INFOPLIST_FILE = LargeProjectTests/Info.plist;
				LD_RUNPATH_SEARCH_PATHS = (
					"$(inherited)",
					"@executable_path/Frameworks",
					"@loader_path/Frameworks",
				);
				PRODUCT_BUNDLE_IDENTIFIER = com.luisfrancor.LargeProjectTests;
				PRODUCT_NAME = "$(TARGET_NAME)";
				SWIFT_VERSION = 5.0;
				TARGETED_DEVICE_FAMILY = "1,2";
				TEST_HOST = "$(BUILT_PRODUCTS_DIR)/LargeProject.app/LargeProject";
			};
			name = Release;
		};
/* End XCBuildConfiguration section */

/* Begin XCConfigurationList section */
		3DFB5422231EA2B10083C700 /* Build configuration list for PBXProject "LargeProject" */ = {
			isa = XCConfigurationList;
			buildConfigurations = (
				3DFB5442231EA2B60083C700 /* Debug */,
				3DFB5443231EA2B60083C700 /* Release */,
			);
			defaultConfigurationIsVisible = 0;
			defaultConfigurationName = Release;
		};
		3DFB5444231EA2B60083C700 /* Build configuration list for PBXNativeTarget "LargeProject" */ = {
			isa = XCConfigurationList;
			buildConfigurations = (
				3DFB5445231EA2B60083C700 /* Debug */,
				3DFB5446231EA2B60083C700 /* Release */,
			);
			defaultConfigurationIsVisible = 0;
			defaultConfigurationName = Release;
		};
		3DFB5447231EA2B60083C700 /* Build configuration list for PBXNativeTarget "LargeProjectTests" */ = {
			isa = XCConfigurationList;
			buildConfigurations = (
				3DFB5448231EA2B60083C700 /* Debug */,
				3DFB5449231EA2B60083C700 /* Release */,
			);
			defaultConfigurationIsVisible = 0;
			defaultConfigurationName = Release;
		};
/* End XCConfigurationList section */
	};
	rootObject = 3DFB541F231EA2B10083C700 /* Project object */;
}
